Microsoft Visual Studio Solution File, Format Version 12.00
# Visual Studio Version 17
VisualStudioVersion = 17.3.32804.467
MinimumVisualStudioVersion = 16.0.0.0
Project("{9A19103F-16F7-4668-BE54-9A1E7A4F7556}") = "MystiickWeb.Shared", "MystiickWeb.Shared\MystiickWeb.Shared.csproj", "{95D90B32-5969-45E8-B53F-274F4BF3D109}"
EndProject
Project("{9A19103F-16F7-4668-BE54-9A1E7A4F7556}") = "MystiickWeb.Clients", "MystiickWeb.Clients\MystiickWeb.Clients.csproj", "{888833D1-634B-44BB-BF8E-38C4D2662FFB}"
EndProject
Project("{2150E333-8FDC-42A3-9474-1A3956D46DE8}") = "quickstart", "quickstart", "{7F90958F-53C0-4FA5-A80A-73177A4759C3}"
	ProjectSection(SolutionItems) = preProject
		quickstart\create-database.sql = quickstart\create-database.sql
		quickstart\dev-docker-compose.yml = quickstart\dev-docker-compose.yml
		quickstart\docker-compose.yml = quickstart\docker-compose.yml
		quickstart\quickstart-demo.sh = quickstart\quickstart-demo.sh
		quickstart\quickstart-dev.sh = quickstart\quickstart-dev.sh
		quickstart\quickstop.sh = quickstart\quickstop.sh
		quickstart\README.md = quickstart\README.md
	EndProjectSection
EndProject
Project("{9A19103F-16F7-4668-BE54-9A1E7A4F7556}") = "MystiickWeb.Core", "MystiickWeb.Core\MystiickWeb.Core.csproj", "{5B07F270-2E6D-47D5-8882-FC561CCDC83C}"
EndProject
Project("{9A19103F-16F7-4668-BE54-9A1E7A4F7556}") = "MystiickWeb.Core.Tests", "MystiickWeb.Core.Tests\MystiickWeb.Core.Tests.csproj", "{C75E8C07-DA08-42FA-88B3-1BC76AC6BF7A}"
EndProject
Project("{2150E333-8FDC-42A3-9474-1A3956D46DE8}") = "Tests", "Tests", "{018C7CBC-5F0E-4B5C-9158-C86E8E209522}"
EndProject
Project("{2150E333-8FDC-42A3-9474-1A3956D46DE8}") = "Web", "Web", "{65E20D0F-B547-4EB5-89C2-AF18BD953A8A}"
EndProject
Project("{2150E333-8FDC-42A3-9474-1A3956D46DE8}") = "Solution Items", "Solution Items", "{FEEE51A1-B6E3-49F8-ABD4-D88C13E88EE6}"
	ProjectSection(SolutionItems) = preProject
		.editorconfig = .editorconfig
	EndProjectSection
EndProject
Project("{9A19103F-16F7-4668-BE54-9A1E7A4F7556}") = "MystiickWeb.Api", "MystiickWeb.Api\MystiickWeb.Api.csproj", "{0C5FEE28-E12E-4E68-8C0D-11BE52D9EEC2}"
EndProject
Global
	GlobalSection(SolutionConfigurationPlatforms) = preSolution
		Debug|Any CPU = Debug|Any CPU
		Debug|x64 = Debug|x64
		Debug|x86 = Debug|x86
		Release|Any CPU = Release|Any CPU
		Release|x64 = Release|x64
		Release|x86 = Release|x86
	EndGlobalSection
	GlobalSection(ProjectConfigurationPlatforms) = postSolution
		{95D90B32-5969-45E8-B53F-274F4BF3D109}.Debug|Any CPU.ActiveCfg = Debug|Any CPU
		{95D90B32-5969-45E8-B53F-274F4BF3D109}.Debug|Any CPU.Build.0 = Debug|Any CPU
		{95D90B32-5969-45E8-B53F-274F4BF3D109}.Debug|x64.ActiveCfg = Debug|Any CPU
		{95D90B32-5969-45E8-B53F-274F4BF3D109}.Debug|x64.Build.0 = Debug|Any CPU
		{95D90B32-5969-45E8-B53F-274F4BF3D109}.Debug|x86.ActiveCfg = Debug|Any CPU
		{95D90B32-5969-45E8-B53F-274F4BF3D109}.Debug|x86.Build.0 = Debug|Any CPU
		{95D90B32-5969-45E8-B53F-274F4BF3D109}.Release|Any CPU.ActiveCfg = Release|Any CPU
		{95D90B32-5969-45E8-B53F-274F4BF3D109}.Release|Any CPU.Build.0 = Release|Any CPU
		{95D90B32-5969-45E8-B53F-274F4BF3D109}.Release|x64.ActiveCfg = Release|Any CPU
		{95D90B32-5969-45E8-B53F-274F4BF3D109}.Release|x64.Build.0 = Release|Any CPU
		{95D90B32-5969-45E8-B53F-274F4BF3D109}.Release|x86.ActiveCfg = Release|Any CPU
		{95D90B32-5969-45E8-B53F-274F4BF3D109}.Release|x86.Build.0 = Release|Any CPU
		{888833D1-634B-44BB-BF8E-38C4D2662FFB}.Debug|Any CPU.ActiveCfg = Debug|Any CPU
		{888833D1-634B-44BB-BF8E-38C4D2662FFB}.Debug|Any CPU.Build.0 = Debug|Any CPU
		{888833D1-634B-44BB-BF8E-38C4D2662FFB}.Debug|x64.ActiveCfg = Debug|Any CPU
		{888833D1-634B-44BB-BF8E-38C4D2662FFB}.Debug|x64.Build.0 = Debug|Any CPU
		{888833D1-634B-44BB-BF8E-38C4D2662FFB}.Debug|x86.ActiveCfg = Debug|Any CPU
		{888833D1-634B-44BB-BF8E-38C4D2662FFB}.Debug|x86.Build.0 = Debug|Any CPU
		{888833D1-634B-44BB-BF8E-38C4D2662FFB}.Release|Any CPU.ActiveCfg = Release|Any CPU
		{888833D1-634B-44BB-BF8E-38C4D2662FFB}.Release|Any CPU.Build.0 = Release|Any CPU
		{888833D1-634B-44BB-BF8E-38C4D2662FFB}.Release|x64.ActiveCfg = Release|Any CPU
		{888833D1-634B-44BB-BF8E-38C4D2662FFB}.Release|x64.Build.0 = Release|Any CPU
		{888833D1-634B-44BB-BF8E-38C4D2662FFB}.Release|x86.ActiveCfg = Release|Any CPU
		{888833D1-634B-44BB-BF8E-38C4D2662FFB}.Release|x86.Build.0 = Release|Any CPU
		{5B07F270-2E6D-47D5-8882-FC561CCDC83C}.Debug|Any CPU.ActiveCfg = Debug|Any CPU
		{5B07F270-2E6D-47D5-8882-FC561CCDC83C}.Debug|Any CPU.Build.0 = Debug|Any CPU
		{5B07F270-2E6D-47D5-8882-FC561CCDC83C}.Debug|x64.ActiveCfg = Debug|Any CPU
		{5B07F270-2E6D-47D5-8882-FC561CCDC83C}.Debug|x64.Build.0 = Debug|Any CPU
		{5B07F270-2E6D-47D5-8882-FC561CCDC83C}.Debug|x86.ActiveCfg = Debug|Any CPU
		{5B07F270-2E6D-47D5-8882-FC561CCDC83C}.Debug|x86.Build.0 = Debug|Any CPU
		{5B07F270-2E6D-47D5-8882-FC561CCDC83C}.Release|Any CPU.ActiveCfg = Release|Any CPU
		{5B07F270-2E6D-47D5-8882-FC561CCDC83C}.Release|Any CPU.Build.0 = Release|Any CPU
		{5B07F270-2E6D-47D5-8882-FC561CCDC83C}.Release|x64.ActiveCfg = Release|Any CPU
		{5B07F270-2E6D-47D5-8882-FC561CCDC83C}.Release|x64.Build.0 = Release|Any CPU
		{5B07F270-2E6D-47D5-8882-FC561CCDC83C}.Release|x86.ActiveCfg = Release|Any CPU
		{5B07F270-2E6D-47D5-8882-FC561CCDC83C}.Release|x86.Build.0 = Release|Any CPU
		{C75E8C07-DA08-42FA-88B3-1BC76AC6BF7A}.Debug|Any CPU.ActiveCfg = Debug|Any CPU
		{C75E8C07-DA08-42FA-88B3-1BC76AC6BF7A}.Debug|Any CPU.Build.0 = Debug|Any CPU
		{C75E8C07-DA08-42FA-88B3-1BC76AC6BF7A}.Debug|x64.ActiveCfg = Debug|Any CPU
		{C75E8C07-DA08-42FA-88B3-1BC76AC6BF7A}.Debug|x64.Build.0 = Debug|Any CPU
		{C75E8C07-DA08-42FA-88B3-1BC76AC6BF7A}.Debug|x86.ActiveCfg = Debug|Any CPU
		{C75E8C07-DA08-42FA-88B3-1BC76AC6BF7A}.Debug|x86.Build.0 = Debug|Any CPU
		{C75E8C07-DA08-42FA-88B3-1BC76AC6BF7A}.Release|Any CPU.ActiveCfg = Release|Any CPU
		{C75E8C07-DA08-42FA-88B3-1BC76AC6BF7A}.Release|Any CPU.Build.0 = Release|Any CPU
		{C75E8C07-DA08-42FA-88B3-1BC76AC6BF7A}.Release|x64.ActiveCfg = Release|Any CPU
		{C75E8C07-DA08-42FA-88B3-1BC76AC6BF7A}.Release|x64.Build.0 = Release|Any CPU
		{C75E8C07-DA08-42FA-88B3-1BC76AC6BF7A}.Release|x86.ActiveCfg = Release|Any CPU
		{C75E8C07-DA08-42FA-88B3-1BC76AC6BF7A}.Release|x86.Build.0 = Release|Any CPU
		{0C5FEE28-E12E-4E68-8C0D-11BE52D9EEC2}.Debug|Any CPU.ActiveCfg = Debug|Any CPU
		{0C5FEE28-E12E-4E68-8C0D-11BE52D9EEC2}.Debug|Any CPU.Build.0 = Debug|Any CPU
		{0C5FEE28-E12E-4E68-8C0D-11BE52D9EEC2}.Debug|x64.ActiveCfg = Debug|Any CPU
		{0C5FEE28-E12E-4E68-8C0D-11BE52D9EEC2}.Debug|x64.Build.0 = Debug|Any CPU
		{0C5FEE28-E12E-4E68-8C0D-11BE52D9EEC2}.Debug|x86.ActiveCfg = Debug|Any CPU
		{0C5FEE28-E12E-4E68-8C0D-11BE52D9EEC2}.Debug|x86.Build.0 = Debug|Any CPU
		{0C5FEE28-E12E-4E68-8C0D-11BE52D9EEC2}.Release|Any CPU.ActiveCfg = Release|Any CPU
		{0C5FEE28-E12E-4E68-8C0D-11BE52D9EEC2}.Release|Any CPU.Build.0 = Release|Any CPU
		{0C5FEE28-E12E-4E68-8C0D-11BE52D9EEC2}.Release|x64.ActiveCfg = Release|Any CPU
		{0C5FEE28-E12E-4E68-8C0D-11BE52D9EEC2}.Release|x64.Build.0 = Release|Any CPU
		{0C5FEE28-E12E-4E68-8C0D-11BE52D9EEC2}.Release|x86.ActiveCfg = Release|Any CPU
		{0C5FEE28-E12E-4E68-8C0D-11BE52D9EEC2}.Release|x86.Build.0 = Release|Any CPU
	EndGlobalSection
	GlobalSection(SolutionProperties) = preSolution
		HideSolutionNode = FALSE
	EndGlobalSection
	GlobalSection(NestedProjects) = preSolution
		{C75E8C07-DA08-42FA-88B3-1BC76AC6BF7A} = {018C7CBC-5F0E-4B5C-9158-C86E8E209522}
		{0C5FEE28-E12E-4E68-8C0D-11BE52D9EEC2} = {65E20D0F-B547-4EB5-89C2-AF18BD953A8A}
	EndGlobalSection
	GlobalSection(ExtensibilityGlobals) = postSolution
		SolutionGuid = {15B71052-E0C4-4F68-BC65-681C00E95018}
	EndGlobalSection
EndGlobal
